{
  "name": "devfolio",
  "lockfileVersion": 3,
  "requires": true,
  "packages": {
    "": {
      "dependencies": {
        "devfolio-root": "file:.."
      }
    },
    "..": {
      "name": "devfolio-root",
      "engines": {
        "node": "20.x"
      }
    },
    "node_modules/devfolio-root": {
      "resolved": "..",
      "link": true
    }
  }
}
